
Microsoft Visual Studio Solution File, Format Version 12.00
# Visual Studio Version 16
VisualStudioVersion = 16.0.31112.23
MinimumVisualStudioVersion = 10.0.40219.1
Project("{9A19103F-16F7-4668-BE54-9A1E7A4F7556}") = "UnixDomainSocketsServer", "UnixDomainSocketsServer\UnixDomainSocketsServer.csproj", "{93E486E7-8A59-44E6-BACF-EF8DC43A0917}"
EndProject
Project("{FAE04EC0-301F-11D3-BF4B-00C04F79EFBC}") = "UnixDomainSocketClient", "UnixDomainSocketClient\UnixDomainSocketClient.csproj", "{578BDBC8-C719-4A23-8439-5CDF8C3FEFDA}"
EndProject
Global
	GlobalSection(SolutionConfigurationPlatforms) = preSolution
		Debug|Any CPU = Debug|Any CPU
		Release|Any CPU = Release|Any CPU
	EndGlobalSection
	GlobalSection(ProjectConfigurationPlatforms) = postSolution
		{93E486E7-8A59-44E6-BACF-EF8DC43A0917}.Debug|Any CPU.ActiveCfg = Debug|Any CPU
		{93E486E7-8A59-44E6-BACF-EF8DC43A0917}.Debug|Any CPU.Build.0 = Debug|Any CPU
		{93E486E7-8A59-44E6-BACF-EF8DC43A0917}.Release|Any CPU.ActiveCfg = Release|Any CPU
		{93E486E7-8A59-44E6-BACF-EF8DC43A0917}.Release|Any CPU.Build.0 = Release|Any CPU
		{578BDBC8-C719-4A23-8439-5CDF8C3FEFDA}.Debug|Any CPU.ActiveCfg = Debug|Any CPU
		{578BDBC8-C719-4A23-8439-5CDF8C3FEFDA}.Debug|Any CPU.Build.0 = Debug|Any CPU
		{578BDBC8-C719-4A23-8439-5CDF8C3FEFDA}.Release|Any CPU.ActiveCfg = Release|Any CPU
		{578BDBC8-C719-4A23-8439-5CDF8C3FEFDA}.Release|Any CPU.Build.0 = Release|Any CPU
	EndGlobalSection
	GlobalSection(SolutionProperties) = preSolution
		HideSolutionNode = FALSE
	EndGlobalSection
	GlobalSection(ExtensibilityGlobals) = postSolution
		SolutionGuid = {E772C405-1B1B-4177-949D-FB72BFB86947}
	EndGlobalSection
EndGlobal
